
Microsoft Visual Studio Solution File, Format Version 12.00
# Visual Studio 14
VisualStudioVersion = 14.0.23107.0
MinimumVisualStudioVersion = 10.0.40219.1
Project("{FAE04EC0-301F-11D3-BF4B-00C04F79EFBC}") = "Task1", "Task1\Task1.csproj", "{6C2C977D-6379-4A63-BB06-B76247724FA4}"
EndProject
Project("{FAE04EC0-301F-11D3-BF4B-00C04F79EFBC}") = "Task1.Test", "Task1.Test\Task1.Test.csproj", "{86CD78E8-85E2-4CA0-A79B-84899E59AD3B}"
EndProject
Global
	GlobalSection(SolutionConfigurationPlatforms) = preSolution
		Debug|Any CPU = Debug|Any CPU
		Release|Any CPU = Release|Any CPU
	EndGlobalSection
	GlobalSection(ProjectConfigurationPlatforms) = postSolution
		{6C2C977D-6379-4A63-BB06-B76247724FA4}.Debug|Any CPU.ActiveCfg = Debug|Any CPU
		{6C2C977D-6379-4A63-BB06-B76247724FA4}.Debug|Any CPU.Build.0 = Debug|Any CPU
		{6C2C977D-6379-4A63-BB06-B76247724FA4}.Release|Any CPU.ActiveCfg = Release|Any CPU
		{6C2C977D-6379-4A63-BB06-B76247724FA4}.Release|Any CPU.Build.0 = Release|Any CPU
		{86CD78E8-85E2-4CA0-A79B-84899E59AD3B}.Debug|Any CPU.ActiveCfg = Debug|Any CPU
		{86CD78E8-85E2-4CA0-A79B-84899E59AD3B}.Debug|Any CPU.Build.0 = Debug|Any CPU
		{86CD78E8-85E2-4CA0-A79B-84899E59AD3B}.Release|Any CPU.ActiveCfg = Release|Any CPU
		{86CD78E8-85E2-4CA0-A79B-84899E59AD3B}.Release|Any CPU.Build.0 = Release|Any CPU
	EndGlobalSection
	GlobalSection(SolutionProperties) = preSolution
		HideSolutionNode = FALSE
	EndGlobalSection
EndGlobal
